
Microsoft Visual Studio Solution File, Format Version 12.00
# Visual Studio Version 17
VisualStudioVersion = 17.13.35931.197
MinimumVisualStudioVersion = 10.0.40219.1
Project("{FAE04EC0-301F-11D3-BF4B-00C04F79EFBC}") = "C_Sharp_ConrtrolStatement", "C_Sharp_ConrtrolStatement\C_Sharp_ConrtrolStatement.csproj", "{94E0DEAE-1E0A-4457-8924-092ACE9520AF}"
EndProject
Project("{FAE04EC0-301F-11D3-BF4B-00C04F79EFBC}") = "C_Sharp_Loops", "C_Sharp_Loops\C_Sharp_Loops.csproj", "{ECB37292-EB58-461C-B856-B822BC83AB1A}"
EndProject
Global
	GlobalSection(SolutionConfigurationPlatforms) = preSolution
		Debug|Any CPU = Debug|Any CPU
		Release|Any CPU = Release|Any CPU
	EndGlobalSection
	GlobalSection(ProjectConfigurationPlatforms) = postSolution
		{94E0DEAE-1E0A-4457-8924-092ACE9520AF}.Debug|Any CPU.ActiveCfg = Debug|Any CPU
		{94E0DEAE-1E0A-4457-8924-092ACE9520AF}.Debug|Any CPU.Build.0 = Debug|Any CPU
		{94E0DEAE-1E0A-4457-8924-092ACE9520AF}.Release|Any CPU.ActiveCfg = Release|Any CPU
		{94E0DEAE-1E0A-4457-8924-092ACE9520AF}.Release|Any CPU.Build.0 = Release|Any CPU
		{ECB37292-EB58-461C-B856-B822BC83AB1A}.Debug|Any CPU.ActiveCfg = Debug|Any CPU
		{ECB37292-EB58-461C-B856-B822BC83AB1A}.Debug|Any CPU.Build.0 = Debug|Any CPU
		{ECB37292-EB58-461C-B856-B822BC83AB1A}.Release|Any CPU.ActiveCfg = Release|Any CPU
		{ECB37292-EB58-461C-B856-B822BC83AB1A}.Release|Any CPU.Build.0 = Release|Any CPU
	EndGlobalSection
	GlobalSection(SolutionProperties) = preSolution
		HideSolutionNode = FALSE
	EndGlobalSection
	GlobalSection(ExtensibilityGlobals) = postSolution
		SolutionGuid = {5A3E8910-02CC-4ADB-83DC-C93B1E5876FF}
	EndGlobalSection
EndGlobal
